
Microsoft Visual Studio Solution File, Format Version 12.00
# Visual Studio Version 17
VisualStudioVersion = 17.14.36221.1 d17.14
MinimumVisualStudioVersion = 10.0.40219.1
Project("{FAE04EC0-301F-11D3-BF4B-00C04F79EFBC}") = "NguyenTheMinhWPF", "NguyenTheMinhWPF\NguyenTheMinhWPF.csproj", "{06231F5B-669B-4B04-BFFD-8D53777C5F3C}"
EndProject
Global
	GlobalSection(SolutionConfigurationPlatforms) = preSolution
		Debug|Any CPU = Debug|Any CPU
		Release|Any CPU = Release|Any CPU
	EndGlobalSection
	GlobalSection(ProjectConfigurationPlatforms) = postSolution
		{06231F5B-669B-4B04-BFFD-8D53777C5F3C}.Debug|Any CPU.ActiveCfg = Debug|Any CPU
		{06231F5B-669B-4B04-BFFD-8D53777C5F3C}.Debug|Any CPU.Build.0 = Debug|Any CPU
		{06231F5B-669B-4B04-BFFD-8D53777C5F3C}.Release|Any CPU.ActiveCfg = Release|Any CPU
		{06231F5B-669B-4B04-BFFD-8D53777C5F3C}.Release|Any CPU.Build.0 = Release|Any CPU
	EndGlobalSection
	GlobalSection(SolutionProperties) = preSolution
		HideSolutionNode = FALSE
	EndGlobalSection
	GlobalSection(ExtensibilityGlobals) = postSolution
		SolutionGuid = {BC5EF525-4042-4B3F-9A08-8A9C6A5BE9F9}
	EndGlobalSection
EndGlobal
